
Microsoft Visual Studio Solution File, Format Version 12.00
# Visual Studio Version 16
VisualStudioVersion = 16.0.29230.47
MinimumVisualStudioVersion = 10.0.40219.1
Project("{FAE04EC0-301F-11D3-BF4B-00C04F79EFBC}") = "Loginator", "Loginator.csproj", "{7CEDEBFF-6316-4728-95E3-2F7703E7218C}"
EndProject
Project("{FAE04EC0-301F-11D3-BF4B-00C04F79EFBC}") = "Loginator.ConsoleUI", "..\Loginator.ConsoleUI\Loginator.ConsoleUI.csproj", "{49A08FF7-2F01-4599-AB9F-03E731B283FE}"
EndProject
Global
	GlobalSection(SolutionConfigurationPlatforms) = preSolution
		Debug|Any CPU = Debug|Any CPU
		Release|Any CPU = Release|Any CPU
	EndGlobalSection
	GlobalSection(ProjectConfigurationPlatforms) = postSolution
		{7CEDEBFF-6316-4728-95E3-2F7703E7218C}.Debug|Any CPU.ActiveCfg = Debug|Any CPU
		{7CEDEBFF-6316-4728-95E3-2F7703E7218C}.Debug|Any CPU.Build.0 = Debug|Any CPU
		{7CEDEBFF-6316-4728-95E3-2F7703E7218C}.Release|Any CPU.ActiveCfg = Release|Any CPU
		{7CEDEBFF-6316-4728-95E3-2F7703E7218C}.Release|Any CPU.Build.0 = Release|Any CPU
		{49A08FF7-2F01-4599-AB9F-03E731B283FE}.Debug|Any CPU.ActiveCfg = Debug|Any CPU
		{49A08FF7-2F01-4599-AB9F-03E731B283FE}.Debug|Any CPU.Build.0 = Debug|Any CPU
		{49A08FF7-2F01-4599-AB9F-03E731B283FE}.Release|Any CPU.ActiveCfg = Release|Any CPU
		{49A08FF7-2F01-4599-AB9F-03E731B283FE}.Release|Any CPU.Build.0 = Release|Any CPU
	EndGlobalSection
	GlobalSection(SolutionProperties) = preSolution
		HideSolutionNode = FALSE
	EndGlobalSection
	GlobalSection(ExtensibilityGlobals) = postSolution
		SolutionGuid = {FA2D562A-500E-433D-8295-FF442B96D03A}
	EndGlobalSection
EndGlobal
